Microsoft Visual Studio Solution File, Format Version 12.00
# Visual Studio Version 17
VisualStudioVersion = 17.12.35707.178
MinimumVisualStudioVersion = 10.0.40219.1
Project("{FAE04EC0-301F-11D3-BF4B-00C04F79EFBC}") = "Poker.API", "Poker.API\Poker.API.csproj", "{69FFC60D-8889-442D-9038-D0D07A8F1458}"
EndProject
Project("{FAE04EC0-301F-11D3-BF4B-00C04F79EFBC}") = "Poker.API.Tests", "Poker.API.Tests\Poker.API.Tests.csproj", "{F8FE50BD-091C-4AE8-A162-DF80BC537A08}"
EndProject
Global
	GlobalSection(SolutionConfigurationPlatforms) = preSolution
		Debug|Any CPU = Debug|Any CPU
		Release|Any CPU = Release|Any CPU
	EndGlobalSection
	GlobalSection(ProjectConfigurationPlatforms) = postSolution
		{69FFC60D-8889-442D-9038-D0D07A8F1458}.Debug|Any CPU.ActiveCfg = Debug|Any CPU
		{69FFC60D-8889-442D-9038-D0D07A8F1458}.Debug|Any CPU.Build.0 = Debug|Any CPU
		{69FFC60D-8889-442D-9038-D0D07A8F1458}.Release|Any CPU.ActiveCfg = Release|Any CPU
		{69FFC60D-8889-442D-9038-D0D07A8F1458}.Release|Any CPU.Build.0 = Release|Any CPU
		{F8FE50BD-091C-4AE8-A162-DF80BC537A08}.Debug|Any CPU.ActiveCfg = Debug|Any CPU
		{F8FE50BD-091C-4AE8-A162-DF80BC537A08}.Debug|Any CPU.Build.0 = Debug|Any CPU
		{F8FE50BD-091C-4AE8-A162-DF80BC537A08}.Release|Any CPU.ActiveCfg = Release|Any CPU
		{F8FE50BD-091C-4AE8-A162-DF80BC537A08}.Release|Any CPU.Build.0 = Release|Any CPU
	EndGlobalSection
	GlobalSection(SolutionProperties) = preSolution
		HideSolutionNode = FALSE
	EndGlobalSection
EndGlobal
