
Microsoft Visual Studio Solution File, Format Version 12.00
# Visual Studio Version 17
VisualStudioVersion = 17.9.34902.65
MinimumVisualStudioVersion = 10.0.40219.1
Project("{9A19103F-16F7-4668-BE54-9A1E7A4F7556}") = "Poker.WebApp", "Poker.WebApp\Poker.WebApp.csproj", "{D0842A80-5F1E-4BD0-AB95-D76F2E17EDAA}"
EndProject
Project("{9A19103F-16F7-4668-BE54-9A1E7A4F7556}") = "Poker.WebApp.Tests", "Poker.WebApp.Tests\Poker.WebApp.Tests.csproj", "{96A1514E-D5F0-4A2F-922B-F27A5E3C8C4B}"
EndProject
Project("{9A19103F-16F7-4668-BE54-9A1E7A4F7556}") = "Poker.Components", "Poker.Components\Poker.Components.csproj", "{8D2B8C20-215B-4968-8230-71DA30C637C0}"
EndProject
Global
	GlobalSection(SolutionConfigurationPlatforms) = preSolution
		Debug|Any CPU = Debug|Any CPU
		Release|Any CPU = Release|Any CPU
	EndGlobalSection
	GlobalSection(ProjectConfigurationPlatforms) = postSolution
		{D0842A80-5F1E-4BD0-AB95-D76F2E17EDAA}.Debug|Any CPU.ActiveCfg = Debug|Any CPU
		{D0842A80-5F1E-4BD0-AB95-D76F2E17EDAA}.Debug|Any CPU.Build.0 = Debug|Any CPU
		{D0842A80-5F1E-4BD0-AB95-D76F2E17EDAA}.Release|Any CPU.ActiveCfg = Release|Any CPU
		{D0842A80-5F1E-4BD0-AB95-D76F2E17EDAA}.Release|Any CPU.Build.0 = Release|Any CPU
		{96A1514E-D5F0-4A2F-922B-F27A5E3C8C4B}.Debug|Any CPU.ActiveCfg = Debug|Any CPU
		{96A1514E-D5F0-4A2F-922B-F27A5E3C8C4B}.Debug|Any CPU.Build.0 = Debug|Any CPU
		{96A1514E-D5F0-4A2F-922B-F27A5E3C8C4B}.Release|Any CPU.ActiveCfg = Release|Any CPU
		{96A1514E-D5F0-4A2F-922B-F27A5E3C8C4B}.Release|Any CPU.Build.0 = Release|Any CPU
		{8D2B8C20-215B-4968-8230-71DA30C637C0}.Debug|Any CPU.ActiveCfg = Debug|Any CPU
		{8D2B8C20-215B-4968-8230-71DA30C637C0}.Debug|Any CPU.Build.0 = Debug|Any CPU
		{8D2B8C20-215B-4968-8230-71DA30C637C0}.Release|Any CPU.ActiveCfg = Release|Any CPU
		{8D2B8C20-215B-4968-8230-71DA30C637C0}.Release|Any CPU.Build.0 = Release|Any CPU
	EndGlobalSection
	GlobalSection(SolutionProperties) = preSolution
		HideSolutionNode = FALSE
	EndGlobalSection
	GlobalSection(ExtensibilityGlobals) = postSolution
		SolutionGuid = {52E31982-3454-44BB-A9E9-571532D0FCCE}
	EndGlobalSection
EndGlobal
